
Microsoft Visual Studio Solution File, Format Version 12.00
# Visual Studio Version 16
VisualStudioVersion = 16.0.31105.61
MinimumVisualStudioVersion = 10.0.40219.1
Project("{FAE04EC0-301F-11D3-BF4B-00C04F79EFBC}") = "TestApp", "TestApp.csproj", "{61A02754-0561-471E-89D6-947200BF2789}"
EndProject
Project("{FAE04EC0-301F-11D3-BF4B-00C04F79EFBC}") = "UnitTests_for_Testprogram", "..\UnitTests_for_Testprogram\UnitTests_for_Testprogram.csproj", "{07B6B91C-D50D-41EE-8388-6B99A5C68FB6}"
EndProject
Global
	GlobalSection(SolutionConfigurationPlatforms) = preSolution
		Debug|Any CPU = Debug|Any CPU
		Release|Any CPU = Release|Any CPU
	EndGlobalSection
	GlobalSection(ProjectConfigurationPlatforms) = postSolution
		{61A02754-0561-471E-89D6-947200BF2789}.Debug|Any CPU.ActiveCfg = Debug|Any CPU
		{61A02754-0561-471E-89D6-947200BF2789}.Debug|Any CPU.Build.0 = Debug|Any CPU
		{61A02754-0561-471E-89D6-947200BF2789}.Release|Any CPU.ActiveCfg = Release|Any CPU
		{61A02754-0561-471E-89D6-947200BF2789}.Release|Any CPU.Build.0 = Release|Any CPU
		{07B6B91C-D50D-41EE-8388-6B99A5C68FB6}.Debug|Any CPU.ActiveCfg = Debug|Any CPU
		{07B6B91C-D50D-41EE-8388-6B99A5C68FB6}.Debug|Any CPU.Build.0 = Debug|Any CPU
		{07B6B91C-D50D-41EE-8388-6B99A5C68FB6}.Release|Any CPU.ActiveCfg = Release|Any CPU
		{07B6B91C-D50D-41EE-8388-6B99A5C68FB6}.Release|Any CPU.Build.0 = Release|Any CPU
	EndGlobalSection
	GlobalSection(SolutionProperties) = preSolution
		HideSolutionNode = FALSE
	EndGlobalSection
	GlobalSection(ExtensibilityGlobals) = postSolution
		SolutionGuid = {888D7868-F8EB-40FD-93D3-1D686BC0E7F4}
	EndGlobalSection
EndGlobal
